
Microsoft Visual Studio Solution File, Format Version 12.00
# Visual Studio Version 17
VisualStudioVersion = 17.0.31903.59
MinimumVisualStudioVersion = 10.0.40219.1
Project("{FAE04EC0-301F-11D3-BF4B-00C04F79EFBC}") = "WebApi_project", "WebApi_project\WebApi_project.csproj", "{F249C43A-9248-427A-99D8-46187A9CC607}"
EndProject
Project("{FAE04EC0-301F-11D3-BF4B-00C04F79EFBC}") = "Infrastructure", "Infrastructure\Infrastructure.csproj", "{A72A98E3-E99A-4418-A57B-D04BD9F50849}"
EndProject
Project("{FAE04EC0-301F-11D3-BF4B-00C04F79EFBC}") = "Bussiness_layer", "Bussiness_layer\Bussiness_layer.csproj", "{78C00304-9EA5-471C-BD28-4DDAF1C7CA32}"
EndProject
Project("{FAE04EC0-301F-11D3-BF4B-00C04F79EFBC}") = "Data", "Data\Data.csproj", "{4F70C69F-FBB7-4C38-A667-20A12831AA39}"
EndProject
Global
	GlobalSection(SolutionConfigurationPlatforms) = preSolution
		Debug|Any CPU = Debug|Any CPU
		Debug|x64 = Debug|x64
		Debug|x86 = Debug|x86
		Release|Any CPU = Release|Any CPU
		Release|x64 = Release|x64
		Release|x86 = Release|x86
	EndGlobalSection
	GlobalSection(ProjectConfigurationPlatforms) = postSolution
		{F249C43A-9248-427A-99D8-46187A9CC607}.Debug|Any CPU.ActiveCfg = Debug|Any CPU
		{F249C43A-9248-427A-99D8-46187A9CC607}.Debug|Any CPU.Build.0 = Debug|Any CPU
		{F249C43A-9248-427A-99D8-46187A9CC607}.Debug|x64.ActiveCfg = Debug|Any CPU
		{F249C43A-9248-427A-99D8-46187A9CC607}.Debug|x64.Build.0 = Debug|Any CPU
		{F249C43A-9248-427A-99D8-46187A9CC607}.Debug|x86.ActiveCfg = Debug|Any CPU
		{F249C43A-9248-427A-99D8-46187A9CC607}.Debug|x86.Build.0 = Debug|Any CPU
		{F249C43A-9248-427A-99D8-46187A9CC607}.Release|Any CPU.ActiveCfg = Release|Any CPU
		{F249C43A-9248-427A-99D8-46187A9CC607}.Release|Any CPU.Build.0 = Release|Any CPU
		{F249C43A-9248-427A-99D8-46187A9CC607}.Release|x64.ActiveCfg = Release|Any CPU
		{F249C43A-9248-427A-99D8-46187A9CC607}.Release|x64.Build.0 = Release|Any CPU
		{F249C43A-9248-427A-99D8-46187A9CC607}.Release|x86.ActiveCfg = Release|Any CPU
		{F249C43A-9248-427A-99D8-46187A9CC607}.Release|x86.Build.0 = Release|Any CPU
		{A72A98E3-E99A-4418-A57B-D04BD9F50849}.Debug|Any CPU.ActiveCfg = Debug|Any CPU
		{A72A98E3-E99A-4418-A57B-D04BD9F50849}.Debug|Any CPU.Build.0 = Debug|Any CPU
		{A72A98E3-E99A-4418-A57B-D04BD9F50849}.Debug|x64.ActiveCfg = Debug|Any CPU
		{A72A98E3-E99A-4418-A57B-D04BD9F50849}.Debug|x64.Build.0 = Debug|Any CPU
		{A72A98E3-E99A-4418-A57B-D04BD9F50849}.Debug|x86.ActiveCfg = Debug|Any CPU
		{A72A98E3-E99A-4418-A57B-D04BD9F50849}.Debug|x86.Build.0 = Debug|Any CPU
		{A72A98E3-E99A-4418-A57B-D04BD9F50849}.Release|Any CPU.ActiveCfg = Release|Any CPU
		{A72A98E3-E99A-4418-A57B-D04BD9F50849}.Release|Any CPU.Build.0 = Release|Any CPU
		{A72A98E3-E99A-4418-A57B-D04BD9F50849}.Release|x64.ActiveCfg = Release|Any CPU
		{A72A98E3-E99A-4418-A57B-D04BD9F50849}.Release|x64.Build.0 = Release|Any CPU
		{A72A98E3-E99A-4418-A57B-D04BD9F50849}.Release|x86.ActiveCfg = Release|Any CPU
		{A72A98E3-E99A-4418-A57B-D04BD9F50849}.Release|x86.Build.0 = Release|Any CPU
		{78C00304-9EA5-471C-BD28-4DDAF1C7CA32}.Debug|Any CPU.ActiveCfg = Debug|Any CPU
		{78C00304-9EA5-471C-BD28-4DDAF1C7CA32}.Debug|Any CPU.Build.0 = Debug|Any CPU
		{78C00304-9EA5-471C-BD28-4DDAF1C7CA32}.Debug|x64.ActiveCfg = Debug|Any CPU
		{78C00304-9EA5-471C-BD28-4DDAF1C7CA32}.Debug|x64.Build.0 = Debug|Any CPU
		{78C00304-9EA5-471C-BD28-4DDAF1C7CA32}.Debug|x86.ActiveCfg = Debug|Any CPU
		{78C00304-9EA5-471C-BD28-4DDAF1C7CA32}.Debug|x86.Build.0 = Debug|Any CPU
		{78C00304-9EA5-471C-BD28-4DDAF1C7CA32}.Release|Any CPU.ActiveCfg = Release|Any CPU
		{78C00304-9EA5-471C-BD28-4DDAF1C7CA32}.Release|Any CPU.Build.0 = Release|Any CPU
		{78C00304-9EA5-471C-BD28-4DDAF1C7CA32}.Release|x64.ActiveCfg = Release|Any CPU
		{78C00304-9EA5-471C-BD28-4DDAF1C7CA32}.Release|x64.Build.0 = Release|Any CPU
		{78C00304-9EA5-471C-BD28-4DDAF1C7CA32}.Release|x86.ActiveCfg = Release|Any CPU
		{78C00304-9EA5-471C-BD28-4DDAF1C7CA32}.Release|x86.Build.0 = Release|Any CPU
		{4F70C69F-FBB7-4C38-A667-20A12831AA39}.Debug|Any CPU.ActiveCfg = Debug|Any CPU
		{4F70C69F-FBB7-4C38-A667-20A12831AA39}.Debug|Any CPU.Build.0 = Debug|Any CPU
		{4F70C69F-FBB7-4C38-A667-20A12831AA39}.Debug|x64.ActiveCfg = Debug|Any CPU
		{4F70C69F-FBB7-4C38-A667-20A12831AA39}.Debug|x64.Build.0 = Debug|Any CPU
		{4F70C69F-FBB7-4C38-A667-20A12831AA39}.Debug|x86.ActiveCfg = Debug|Any CPU
		{4F70C69F-FBB7-4C38-A667-20A12831AA39}.Debug|x86.Build.0 = Debug|Any CPU
		{4F70C69F-FBB7-4C38-A667-20A12831AA39}.Release|Any CPU.ActiveCfg = Release|Any CPU
		{4F70C69F-FBB7-4C38-A667-20A12831AA39}.Release|Any CPU.Build.0 = Release|Any CPU
		{4F70C69F-FBB7-4C38-A667-20A12831AA39}.Release|x64.ActiveCfg = Release|Any CPU
		{4F70C69F-FBB7-4C38-A667-20A12831AA39}.Release|x64.Build.0 = Release|Any CPU
		{4F70C69F-FBB7-4C38-A667-20A12831AA39}.Release|x86.ActiveCfg = Release|Any CPU
		{4F70C69F-FBB7-4C38-A667-20A12831AA39}.Release|x86.Build.0 = Release|Any CPU
	EndGlobalSection
	GlobalSection(SolutionProperties) = preSolution
		HideSolutionNode = FALSE
	EndGlobalSection
EndGlobal
